# Thin caller stub — handles CI check_run failures in this repository.
# All analysis logic lives in ci-failure-analyst-reusable.yml.
#
# To deploy CI Failure Analyst to another org repo, copy
# templates/ci-failure-analyst.yml into that repo's .github/workflows/.
#
# Docs: docs/aw/ci-failure-analyst.md
name: "CI Failure Analyst"

on:
  check_run:
    types: [completed]

permissions:
  pull-requests: write
  issues: write        # post/read PR comments via the Issues comments API
  actions: read
  contents: read
  checks: read

concurrency:
  group: "ci-failure-analyst-${{ github.event.check_run.head_sha }}"
  cancel-in-progress: false

run-name: "CI Failure Analyst"

jobs:
  analyze:
    # Skip non-failures and the analyst's own check run to prevent loops.
    if: >-
      github.event.check_run.conclusion == 'failure' &&
      !startsWith(github.event.check_run.name, 'CI Failure Analyst')
    uses: petry-projects/.github-private/.github/workflows/ci-failure-analyst-reusable.yml@db60a41eb00b127f201c7294c529c7c599324e4e # main
    secrets:
      CLAUDE_CODE_OAUTH_TOKEN: ${{ secrets.CLAUDE_CODE_OAUTH_TOKEN }}
